
Microsoft Visual Studio Solution File, Format Version 12.00
# Visual Studio Version 17
VisualStudioVersion = 17.11.35222.181
MinimumVisualStudioVersion = 10.0.40219.1
Project("{FAE04EC0-301F-11D3-BF4B-00C04F79EFBC}") = "MyStore.Server", "MyStore.Server\MyStore.Server.csproj", "{A453AE28-B4A7-44AE-8838-26AC79F4DFFE}"
EndProject
Project("{54A90642-561A-4BB1-A94E-469ADEE60C69}") = "mystore.client", "mystore.client\mystore.client.esproj", "{D46E49E8-32F7-42B4-982B-2399147B19B9}"
EndProject
Global
	GlobalSection(SolutionConfigurationPlatforms) = preSolution
		Debug|Any CPU = Debug|Any CPU
		Release|Any CPU = Release|Any CPU
	EndGlobalSection
	GlobalSection(ProjectConfigurationPlatforms) = postSolution
		{A453AE28-B4A7-44AE-8838-26AC79F4DFFE}.Debug|Any CPU.ActiveCfg = Debug|Any CPU
		{A453AE28-B4A7-44AE-8838-26AC79F4DFFE}.Debug|Any CPU.Build.0 = Debug|Any CPU
		{A453AE28-B4A7-44AE-8838-26AC79F4DFFE}.Release|Any CPU.ActiveCfg = Release|Any CPU
		{A453AE28-B4A7-44AE-8838-26AC79F4DFFE}.Release|Any CPU.Build.0 = Release|Any CPU
		{D46E49E8-32F7-42B4-982B-2399147B19B9}.Debug|Any CPU.ActiveCfg = Debug|Any CPU
		{D46E49E8-32F7-42B4-982B-2399147B19B9}.Debug|Any CPU.Build.0 = Debug|Any CPU
		{D46E49E8-32F7-42B4-982B-2399147B19B9}.Debug|Any CPU.Deploy.0 = Debug|Any CPU
		{D46E49E8-32F7-42B4-982B-2399147B19B9}.Release|Any CPU.ActiveCfg = Release|Any CPU
		{D46E49E8-32F7-42B4-982B-2399147B19B9}.Release|Any CPU.Build.0 = Release|Any CPU
		{D46E49E8-32F7-42B4-982B-2399147B19B9}.Release|Any CPU.Deploy.0 = Release|Any CPU
	EndGlobalSection
	GlobalSection(SolutionProperties) = preSolution
		HideSolutionNode = FALSE
	EndGlobalSection
	GlobalSection(ExtensibilityGlobals) = postSolution
		SolutionGuid = {9D7132E5-9FE8-4014-B513-4603A51B61D5}
	EndGlobalSection
EndGlobal
